
Microsoft Visual Studio Solution File, Format Version 12.00
# Visual Studio 2012
Project("{FAE04EC0-301F-11D3-BF4B-00C04F79EFBC}") = "Source", "Source\Source.csproj", "{27BC52C1-E453-4880-875B-58700BA4430B}"
EndProject
Project("{FAE04EC0-301F-11D3-BF4B-00C04F79EFBC}") = "Test", "Test\Test.csproj", "{7EE91E09-3F79-4C8A-A83C-10093DD0B861}"
EndProject
Project("{FAE04EC0-301F-11D3-BF4B-00C04F79EFBC}") = "TestConsole", "TestConsole\TestConsole.csproj", "{FADFCFE6-64A7-448C-B58C-BFAA6D9CD038}"
EndProject
Project("{FAE04EC0-301F-11D3-BF4B-00C04F79EFBC}") = "WebUI", "WebUI\WebUI.csproj", "{CE353FC0-7907-4D3E-8841-68D2313E12C2}"
EndProject
Project("{FAE04EC0-301F-11D3-BF4B-00C04F79EFBC}") = "WebUI.Tests", "WebUI.Tests\WebUI.Tests.csproj", "{B1D7A228-1DF6-4643-B6C9-F3FFB5E97FE6}"
EndProject
Global
	GlobalSection(SolutionConfigurationPlatforms) = preSolution
		Debug|Any CPU = Debug|Any CPU
		Release|Any CPU = Release|Any CPU
	EndGlobalSection
	GlobalSection(ProjectConfigurationPlatforms) = postSolution
		{27BC52C1-E453-4880-875B-58700BA4430B}.Debug|Any CPU.ActiveCfg = Debug|Any CPU
		{27BC52C1-E453-4880-875B-58700BA4430B}.Debug|Any CPU.Build.0 = Debug|Any CPU
		{27BC52C1-E453-4880-875B-58700BA4430B}.Release|Any CPU.ActiveCfg = Release|Any CPU
		{27BC52C1-E453-4880-875B-58700BA4430B}.Release|Any CPU.Build.0 = Release|Any CPU
		{7EE91E09-3F79-4C8A-A83C-10093DD0B861}.Debug|Any CPU.ActiveCfg = Debug|Any CPU
		{7EE91E09-3F79-4C8A-A83C-10093DD0B861}.Debug|Any CPU.Build.0 = Debug|Any CPU
		{7EE91E09-3F79-4C8A-A83C-10093DD0B861}.Release|Any CPU.ActiveCfg = Release|Any CPU
		{7EE91E09-3F79-4C8A-A83C-10093DD0B861}.Release|Any CPU.Build.0 = Release|Any CPU
		{FADFCFE6-64A7-448C-B58C-BFAA6D9CD038}.Debug|Any CPU.ActiveCfg = Debug|Any CPU
		{FADFCFE6-64A7-448C-B58C-BFAA6D9CD038}.Debug|Any CPU.Build.0 = Debug|Any CPU
		{FADFCFE6-64A7-448C-B58C-BFAA6D9CD038}.Release|Any CPU.ActiveCfg = Release|Any CPU
		{FADFCFE6-64A7-448C-B58C-BFAA6D9CD038}.Release|Any CPU.Build.0 = Release|Any CPU
		{CE353FC0-7907-4D3E-8841-68D2313E12C2}.Debug|Any CPU.ActiveCfg = Debug|Any CPU
		{CE353FC0-7907-4D3E-8841-68D2313E12C2}.Debug|Any CPU.Build.0 = Debug|Any CPU
		{CE353FC0-7907-4D3E-8841-68D2313E12C2}.Release|Any CPU.ActiveCfg = Release|Any CPU
		{CE353FC0-7907-4D3E-8841-68D2313E12C2}.Release|Any CPU.Build.0 = Release|Any CPU
		{B1D7A228-1DF6-4643-B6C9-F3FFB5E97FE6}.Debug|Any CPU.ActiveCfg = Debug|Any CPU
		{B1D7A228-1DF6-4643-B6C9-F3FFB5E97FE6}.Debug|Any CPU.Build.0 = Debug|Any CPU
		{B1D7A228-1DF6-4643-B6C9-F3FFB5E97FE6}.Release|Any CPU.ActiveCfg = Release|Any CPU
		{B1D7A228-1DF6-4643-B6C9-F3FFB5E97FE6}.Release|Any CPU.Build.0 = Release|Any CPU
	EndGlobalSection
	GlobalSection(SolutionProperties) = preSolution
		HideSolutionNode = FALSE
	EndGlobalSection
EndGlobal
